
Microsoft Visual Studio Solution File, Format Version 12.00
# Visual Studio Version 16
VisualStudioVersion = 16.0.31321.278
MinimumVisualStudioVersion = 10.0.40219.1
Project("{FAE04EC0-301F-11D3-BF4B-00C04F79EFBC}") = "NumberTriangle", "NumberTriangle\NumberTriangle.csproj", "{A0726FB7-BDF8-4184-A508-3BB402A6EF4A}"
EndProject
Global
	GlobalSection(SolutionConfigurationPlatforms) = preSolution
		Debug|Any CPU = Debug|Any CPU
		Release|Any CPU = Release|Any CPU
	EndGlobalSection
	GlobalSection(ProjectConfigurationPlatforms) = postSolution
		{A0726FB7-BDF8-4184-A508-3BB402A6EF4A}.Debug|Any CPU.ActiveCfg = Debug|Any CPU
		{A0726FB7-BDF8-4184-A508-3BB402A6EF4A}.Debug|Any CPU.Build.0 = Debug|Any CPU
		{A0726FB7-BDF8-4184-A508-3BB402A6EF4A}.Release|Any CPU.ActiveCfg = Release|Any CPU
		{A0726FB7-BDF8-4184-A508-3BB402A6EF4A}.Release|Any CPU.Build.0 = Release|Any CPU
	EndGlobalSection
	GlobalSection(SolutionProperties) = preSolution
		HideSolutionNode = FALSE
	EndGlobalSection
	GlobalSection(ExtensibilityGlobals) = postSolution
		SolutionGuid = {8B229AEF-3FBB-43BD-BE14-0EFD2BC38DB3}
	EndGlobalSection
EndGlobal
